
Microsoft Visual Studio Solution File, Format Version 12.00
# Visual Studio 15
VisualStudioVersion = 15.0.27703.2035
MinimumVisualStudioVersion = 10.0.40219.1
Project("{DA7A21FA-8162-4350-AD77-A8D1B671F3ED}") = "r_exam", "r_exam\r_exam.rxproj", "{FEC7A4D4-6456-4013-B2B0-712C532D8235}"
EndProject
Global
	GlobalSection(SolutionConfigurationPlatforms) = preSolution
		Debug|Any CPU = Debug|Any CPU
		Release|Any CPU = Release|Any CPU
	EndGlobalSection
	GlobalSection(ProjectConfigurationPlatforms) = postSolution
		{FEC7A4D4-6456-4013-B2B0-712C532D8235}.Debug|Any CPU.ActiveCfg = Debug|Any CPU
		{FEC7A4D4-6456-4013-B2B0-712C532D8235}.Debug|Any CPU.Build.0 = Debug|Any CPU
		{FEC7A4D4-6456-4013-B2B0-712C532D8235}.Release|Any CPU.ActiveCfg = Release|Any CPU
		{FEC7A4D4-6456-4013-B2B0-712C532D8235}.Release|Any CPU.Build.0 = Release|Any CPU
	EndGlobalSection
	GlobalSection(SolutionProperties) = preSolution
		HideSolutionNode = FALSE
	EndGlobalSection
	GlobalSection(ExtensibilityGlobals) = postSolution
		SolutionGuid = {A464051C-3550-43F9-9824-C6496FBAA284}
	EndGlobalSection
EndGlobal
